
Microsoft Visual Studio Solution File, Format Version 12.00
# Visual Studio Version 17
VisualStudioVersion = 17.0.31903.59
MinimumVisualStudioVersion = 10.0.40219.1
Project("{2150E333-8FDC-42A3-9474-1A3956D46DE8}") = "Compiler", "Compiler", "{BC34E35A-B109-A120-90EC-15530B70B9CB}"
EndProject
Project("{F2A71F9B-5D33-465A-A702-920D77279786}") = "NyxParser", "Nyx.Parser\NyxParser.fsproj", "{585B9A92-D610-4AB5-9903-66E75664EA2B}"
EndProject
Project("{F2A71F9B-5D33-465A-A702-920D77279786}") = "Parser.Tests", "Nyx.Parser.Tests\Parser.Tests.fsproj", "{8ECAF056-F122-48D7-B358-F528548A1689}"
EndProject
Project("{F2A71F9B-5D33-465A-A702-920D77279786}") = "Transpiler", "Nyx.Transpiler.JS\Transpiler.fsproj", "{7892805A-076F-4A54-86E5-523189C25F6C}"
EndProject
Project("{F2A71F9B-5D33-465A-A702-920D77279786}") = "Transpiler.Tests", "Nyx.Transpiler.JS.Tests\Transpiler.Tests.fsproj", "{C0E79876-2353-4B16-8903-C022F4174B60}"
EndProject
Project("{F2A71F9B-5D33-465A-A702-920D77279786}") = "NyxCompiler", "Nyx.Compiler\NyxCompiler.fsproj", "{C85162A7-13C0-439E-B882-3773FDF7CD83}"
EndProject
Project("{F2A71F9B-5D33-465A-A702-920D77279786}") = "NyxCompiler.Cli", "Nyx.Compiler.Cli\NyxCompiler.Cli.fsproj", "{4E7E8F17-6F68-4C8D-A9AC-3F7E0B7DE5B0}"
EndProject
Project("{F2A71F9B-5D33-465A-A702-920D77279786}") = "Nyx.Compiler.Tests", "Nyx.Compiler.Tests\Nyx.Compiler.Tests.fsproj", "{9A33C51E-8CCF-44A2-825F-57ECD9E0631A}"
EndProject
Project("{F2A71F9B-5D33-465A-A702-920D77279786}") = "Transpiler.Wasm", "Nyx.Transpiler.Wasm\Transpiler.Wasm.fsproj", "{500836BF-5882-41F3-B4BD-07FB739BF642}"
EndProject
Project("{2150E333-8FDC-42A3-9474-1A3956D46DE8}") = "Nyx.Transpiler.Wasm.Tests", "Nyx.Transpiler.Wasm.Tests", "{2B3FBB5A-132B-E890-06F7-8AE8420BC8CA}"
EndProject
Project("{F2A71F9B-5D33-465A-A702-920D77279786}") = "Transpiler.Wasm.Tests", "Nyx.Transpiler.Wasm.Tests\Transpiler.Wasm.Tests.fsproj", "{DB8A3745-EA3C-46F2-9790-9D0767A4F7C4}"
EndProject
Project("{2150E333-8FDC-42A3-9474-1A3956D46DE8}") = "Nyx.Transpiler.Wasm", "Nyx.Transpiler.Wasm", "{2E7838A0-BEA4-69ED-767B-2453BE791235}"
EndProject
Project("{2150E333-8FDC-42A3-9474-1A3956D46DE8}") = "Nyx.Parser", "Nyx.Parser", "{8414F198-7DD6-49BA-9851-5001774F7ACA}"
EndProject
Global
	GlobalSection(SolutionConfigurationPlatforms) = preSolution
		Debug|Any CPU = Debug|Any CPU
		Debug|x64 = Debug|x64
		Debug|x86 = Debug|x86
		Release|Any CPU = Release|Any CPU
		Release|x64 = Release|x64
		Release|x86 = Release|x86
	EndGlobalSection
	GlobalSection(ProjectConfigurationPlatforms) = postSolution
		{585B9A92-D610-4AB5-9903-66E75664EA2B}.Debug|Any CPU.ActiveCfg = Debug|Any CPU
		{585B9A92-D610-4AB5-9903-66E75664EA2B}.Debug|Any CPU.Build.0 = Debug|Any CPU
		{585B9A92-D610-4AB5-9903-66E75664EA2B}.Debug|x64.ActiveCfg = Debug|Any CPU
		{585B9A92-D610-4AB5-9903-66E75664EA2B}.Debug|x64.Build.0 = Debug|Any CPU
		{585B9A92-D610-4AB5-9903-66E75664EA2B}.Debug|x86.ActiveCfg = Debug|Any CPU
		{585B9A92-D610-4AB5-9903-66E75664EA2B}.Debug|x86.Build.0 = Debug|Any CPU
		{585B9A92-D610-4AB5-9903-66E75664EA2B}.Release|Any CPU.ActiveCfg = Release|Any CPU
		{585B9A92-D610-4AB5-9903-66E75664EA2B}.Release|Any CPU.Build.0 = Release|Any CPU
		{585B9A92-D610-4AB5-9903-66E75664EA2B}.Release|x64.ActiveCfg = Release|Any CPU
		{585B9A92-D610-4AB5-9903-66E75664EA2B}.Release|x64.Build.0 = Release|Any CPU
		{585B9A92-D610-4AB5-9903-66E75664EA2B}.Release|x86.ActiveCfg = Release|Any CPU
		{585B9A92-D610-4AB5-9903-66E75664EA2B}.Release|x86.Build.0 = Release|Any CPU
		{8ECAF056-F122-48D7-B358-F528548A1689}.Debug|Any CPU.ActiveCfg = Debug|Any CPU
		{8ECAF056-F122-48D7-B358-F528548A1689}.Debug|Any CPU.Build.0 = Debug|Any CPU
		{8ECAF056-F122-48D7-B358-F528548A1689}.Debug|x64.ActiveCfg = Debug|Any CPU
		{8ECAF056-F122-48D7-B358-F528548A1689}.Debug|x64.Build.0 = Debug|Any CPU
		{8ECAF056-F122-48D7-B358-F528548A1689}.Debug|x86.ActiveCfg = Debug|Any CPU
		{8ECAF056-F122-48D7-B358-F528548A1689}.Debug|x86.Build.0 = Debug|Any CPU
		{8ECAF056-F122-48D7-B358-F528548A1689}.Release|Any CPU.ActiveCfg = Release|Any CPU
		{8ECAF056-F122-48D7-B358-F528548A1689}.Release|Any CPU.Build.0 = Release|Any CPU
		{8ECAF056-F122-48D7-B358-F528548A1689}.Release|x64.ActiveCfg = Release|Any CPU
		{8ECAF056-F122-48D7-B358-F528548A1689}.Release|x64.Build.0 = Release|Any CPU
		{8ECAF056-F122-48D7-B358-F528548A1689}.Release|x86.ActiveCfg = Release|Any CPU
		{8ECAF056-F122-48D7-B358-F528548A1689}.Release|x86.Build.0 = Release|Any CPU
		{7892805A-076F-4A54-86E5-523189C25F6C}.Debug|Any CPU.ActiveCfg = Debug|Any CPU
		{7892805A-076F-4A54-86E5-523189C25F6C}.Debug|Any CPU.Build.0 = Debug|Any CPU
		{7892805A-076F-4A54-86E5-523189C25F6C}.Debug|x64.ActiveCfg = Debug|Any CPU
		{7892805A-076F-4A54-86E5-523189C25F6C}.Debug|x64.Build.0 = Debug|Any CPU
		{7892805A-076F-4A54-86E5-523189C25F6C}.Debug|x86.ActiveCfg = Debug|Any CPU
		{7892805A-076F-4A54-86E5-523189C25F6C}.Debug|x86.Build.0 = Debug|Any CPU
		{7892805A-076F-4A54-86E5-523189C25F6C}.Release|Any CPU.ActiveCfg = Release|Any CPU
		{7892805A-076F-4A54-86E5-523189C25F6C}.Release|Any CPU.Build.0 = Release|Any CPU
		{7892805A-076F-4A54-86E5-523189C25F6C}.Release|x64.ActiveCfg = Release|Any CPU
		{7892805A-076F-4A54-86E5-523189C25F6C}.Release|x64.Build.0 = Release|Any CPU
		{7892805A-076F-4A54-86E5-523189C25F6C}.Release|x86.ActiveCfg = Release|Any CPU
		{7892805A-076F-4A54-86E5-523189C25F6C}.Release|x86.Build.0 = Release|Any CPU
		{C0E79876-2353-4B16-8903-C022F4174B60}.Debug|Any CPU.ActiveCfg = Debug|Any CPU
		{C0E79876-2353-4B16-8903-C022F4174B60}.Debug|Any CPU.Build.0 = Debug|Any CPU
		{C0E79876-2353-4B16-8903-C022F4174B60}.Debug|x64.ActiveCfg = Debug|Any CPU
		{C0E79876-2353-4B16-8903-C022F4174B60}.Debug|x64.Build.0 = Debug|Any CPU
		{C0E79876-2353-4B16-8903-C022F4174B60}.Debug|x86.ActiveCfg = Debug|Any CPU
		{C0E79876-2353-4B16-8903-C022F4174B60}.Debug|x86.Build.0 = Debug|Any CPU
		{C0E79876-2353-4B16-8903-C022F4174B60}.Release|Any CPU.ActiveCfg = Release|Any CPU
		{C0E79876-2353-4B16-8903-C022F4174B60}.Release|Any CPU.Build.0 = Release|Any CPU
		{C0E79876-2353-4B16-8903-C022F4174B60}.Release|x64.ActiveCfg = Release|Any CPU
		{C0E79876-2353-4B16-8903-C022F4174B60}.Release|x64.Build.0 = Release|Any CPU
		{C0E79876-2353-4B16-8903-C022F4174B60}.Release|x86.ActiveCfg = Release|Any CPU
		{C0E79876-2353-4B16-8903-C022F4174B60}.Release|x86.Build.0 = Release|Any CPU
		{C85162A7-13C0-439E-B882-3773FDF7CD83}.Debug|Any CPU.ActiveCfg = Debug|Any CPU
		{C85162A7-13C0-439E-B882-3773FDF7CD83}.Debug|Any CPU.Build.0 = Debug|Any CPU
		{C85162A7-13C0-439E-B882-3773FDF7CD83}.Debug|x64.ActiveCfg = Debug|Any CPU
		{C85162A7-13C0-439E-B882-3773FDF7CD83}.Debug|x64.Build.0 = Debug|Any CPU
		{C85162A7-13C0-439E-B882-3773FDF7CD83}.Debug|x86.ActiveCfg = Debug|Any CPU
		{C85162A7-13C0-439E-B882-3773FDF7CD83}.Debug|x86.Build.0 = Debug|Any CPU
		{C85162A7-13C0-439E-B882-3773FDF7CD83}.Release|Any CPU.ActiveCfg = Release|Any CPU
		{C85162A7-13C0-439E-B882-3773FDF7CD83}.Release|Any CPU.Build.0 = Release|Any CPU
		{C85162A7-13C0-439E-B882-3773FDF7CD83}.Release|x64.ActiveCfg = Release|Any CPU
		{C85162A7-13C0-439E-B882-3773FDF7CD83}.Release|x64.Build.0 = Release|Any CPU
		{C85162A7-13C0-439E-B882-3773FDF7CD83}.Release|x86.ActiveCfg = Release|Any CPU
		{C85162A7-13C0-439E-B882-3773FDF7CD83}.Release|x86.Build.0 = Release|Any CPU
		{4E7E8F17-6F68-4C8D-A9AC-3F7E0B7DE5B0}.Debug|Any CPU.ActiveCfg = Debug|Any CPU
		{4E7E8F17-6F68-4C8D-A9AC-3F7E0B7DE5B0}.Debug|Any CPU.Build.0 = Debug|Any CPU
		{4E7E8F17-6F68-4C8D-A9AC-3F7E0B7DE5B0}.Debug|x64.ActiveCfg = Debug|Any CPU
		{4E7E8F17-6F68-4C8D-A9AC-3F7E0B7DE5B0}.Debug|x64.Build.0 = Debug|Any CPU
		{4E7E8F17-6F68-4C8D-A9AC-3F7E0B7DE5B0}.Debug|x86.ActiveCfg = Debug|Any CPU
		{4E7E8F17-6F68-4C8D-A9AC-3F7E0B7DE5B0}.Debug|x86.Build.0 = Debug|Any CPU
		{4E7E8F17-6F68-4C8D-A9AC-3F7E0B7DE5B0}.Release|Any CPU.ActiveCfg = Release|Any CPU
		{4E7E8F17-6F68-4C8D-A9AC-3F7E0B7DE5B0}.Release|Any CPU.Build.0 = Release|Any CPU
		{4E7E8F17-6F68-4C8D-A9AC-3F7E0B7DE5B0}.Release|x64.ActiveCfg = Release|Any CPU
		{4E7E8F17-6F68-4C8D-A9AC-3F7E0B7DE5B0}.Release|x64.Build.0 = Release|Any CPU
		{4E7E8F17-6F68-4C8D-A9AC-3F7E0B7DE5B0}.Release|x86.ActiveCfg = Release|Any CPU
		{4E7E8F17-6F68-4C8D-A9AC-3F7E0B7DE5B0}.Release|x86.Build.0 = Release|Any CPU
		{9A33C51E-8CCF-44A2-825F-57ECD9E0631A}.Debug|Any CPU.ActiveCfg = Debug|Any CPU
		{9A33C51E-8CCF-44A2-825F-57ECD9E0631A}.Debug|Any CPU.Build.0 = Debug|Any CPU
		{9A33C51E-8CCF-44A2-825F-57ECD9E0631A}.Debug|x64.ActiveCfg = Debug|Any CPU
		{9A33C51E-8CCF-44A2-825F-57ECD9E0631A}.Debug|x64.Build.0 = Debug|Any CPU
		{9A33C51E-8CCF-44A2-825F-57ECD9E0631A}.Debug|x86.ActiveCfg = Debug|Any CPU
		{9A33C51E-8CCF-44A2-825F-57ECD9E0631A}.Debug|x86.Build.0 = Debug|Any CPU
		{9A33C51E-8CCF-44A2-825F-57ECD9E0631A}.Release|Any CPU.ActiveCfg = Release|Any CPU
		{9A33C51E-8CCF-44A2-825F-57ECD9E0631A}.Release|Any CPU.Build.0 = Release|Any CPU
		{9A33C51E-8CCF-44A2-825F-57ECD9E0631A}.Release|x64.ActiveCfg = Release|Any CPU
		{9A33C51E-8CCF-44A2-825F-57ECD9E0631A}.Release|x64.Build.0 = Release|Any CPU
		{9A33C51E-8CCF-44A2-825F-57ECD9E0631A}.Release|x86.ActiveCfg = Release|Any CPU
		{9A33C51E-8CCF-44A2-825F-57ECD9E0631A}.Release|x86.Build.0 = Release|Any CPU
		{500836BF-5882-41F3-B4BD-07FB739BF642}.Debug|Any CPU.ActiveCfg = Debug|Any CPU
		{500836BF-5882-41F3-B4BD-07FB739BF642}.Debug|Any CPU.Build.0 = Debug|Any CPU
		{500836BF-5882-41F3-B4BD-07FB739BF642}.Debug|x64.ActiveCfg = Debug|Any CPU
		{500836BF-5882-41F3-B4BD-07FB739BF642}.Debug|x64.Build.0 = Debug|Any CPU
		{500836BF-5882-41F3-B4BD-07FB739BF642}.Debug|x86.ActiveCfg = Debug|Any CPU
		{500836BF-5882-41F3-B4BD-07FB739BF642}.Debug|x86.Build.0 = Debug|Any CPU
		{500836BF-5882-41F3-B4BD-07FB739BF642}.Release|Any CPU.ActiveCfg = Release|Any CPU
		{500836BF-5882-41F3-B4BD-07FB739BF642}.Release|Any CPU.Build.0 = Release|Any CPU
		{500836BF-5882-41F3-B4BD-07FB739BF642}.Release|x64.ActiveCfg = Release|Any CPU
		{500836BF-5882-41F3-B4BD-07FB739BF642}.Release|x64.Build.0 = Release|Any CPU
		{500836BF-5882-41F3-B4BD-07FB739BF642}.Release|x86.ActiveCfg = Release|Any CPU
		{500836BF-5882-41F3-B4BD-07FB739BF642}.Release|x86.Build.0 = Release|Any CPU
		{DB8A3745-EA3C-46F2-9790-9D0767A4F7C4}.Debug|Any CPU.ActiveCfg = Debug|Any CPU
		{DB8A3745-EA3C-46F2-9790-9D0767A4F7C4}.Debug|Any CPU.Build.0 = Debug|Any CPU
		{DB8A3745-EA3C-46F2-9790-9D0767A4F7C4}.Debug|x64.ActiveCfg = Debug|Any CPU
		{DB8A3745-EA3C-46F2-9790-9D0767A4F7C4}.Debug|x64.Build.0 = Debug|Any CPU
		{DB8A3745-EA3C-46F2-9790-9D0767A4F7C4}.Debug|x86.ActiveCfg = Debug|Any CPU
		{DB8A3745-EA3C-46F2-9790-9D0767A4F7C4}.Debug|x86.Build.0 = Debug|Any CPU
		{DB8A3745-EA3C-46F2-9790-9D0767A4F7C4}.Release|Any CPU.ActiveCfg = Release|Any CPU
		{DB8A3745-EA3C-46F2-9790-9D0767A4F7C4}.Release|Any CPU.Build.0 = Release|Any CPU
		{DB8A3745-EA3C-46F2-9790-9D0767A4F7C4}.Release|x64.ActiveCfg = Release|Any CPU
		{DB8A3745-EA3C-46F2-9790-9D0767A4F7C4}.Release|x64.Build.0 = Release|Any CPU
		{DB8A3745-EA3C-46F2-9790-9D0767A4F7C4}.Release|x86.ActiveCfg = Release|Any CPU
		{DB8A3745-EA3C-46F2-9790-9D0767A4F7C4}.Release|x86.Build.0 = Release|Any CPU
	EndGlobalSection
	GlobalSection(SolutionProperties) = preSolution
		HideSolutionNode = FALSE
	EndGlobalSection
	GlobalSection(NestedProjects) = preSolution
		{585B9A92-D610-4AB5-9903-66E75664EA2B} = {BC34E35A-B109-A120-90EC-15530B70B9CB}
		{DB8A3745-EA3C-46F2-9790-9D0767A4F7C4} = {2B3FBB5A-132B-E890-06F7-8AE8420BC8CA}
	EndGlobalSection
EndGlobal
